
Microsoft Visual Studio Solution File, Format Version 12.00
# Visual Studio Version 17
VisualStudioVersion = 17.10.35004.147
MinimumVisualStudioVersion = 10.0.40219.1
Project("{2150E333-8FDC-42A3-9474-1A3956D46DE8}") = "Services", "Services", "{B79F2A37-8493-474B-BC1A-02E1F3C9658A}"
EndProject
Project("{2150E333-8FDC-42A3-9474-1A3956D46DE8}") = "WebApps", "WebApps", "{C3E9ABF0-5A4B-4B15-93A8-8E31EE3952A1}"
EndProject
Project("{2150E333-8FDC-42A3-9474-1A3956D46DE8}") = "Cadastros", "Cadastros", "{B4B8F9F7-7150-4EB7-94E3-88D6301168DB}"
EndProject
Project("{2150E333-8FDC-42A3-9474-1A3956D46DE8}") = "Catalogo", "Catalogo", "{0E0DD0B4-6F65-44BE-A522-D520C0441F13}"
EndProject
Project("{2150E333-8FDC-42A3-9474-1A3956D46DE8}") = "Core", "Core", "{D933911D-E73D-4E2E-8C30-72CCBCA6D739}"
EndProject
Project("{2150E333-8FDC-42A3-9474-1A3956D46DE8}") = "Fiscal", "Fiscal", "{A16C4D97-B558-425C-8CAA-FD632620897A}"
EndProject
Project("{2150E333-8FDC-42A3-9474-1A3956D46DE8}") = "Pagamentos", "Pagamentos", "{EAC11AA5-D492-43A8-A0E0-6F40C3A77B3D}"
EndProject
Project("{2150E333-8FDC-42A3-9474-1A3956D46DE8}") = "Vendas", "Vendas", "{8DFD7C69-055F-4F49-8DC8-23BFD801E89A}"
EndProject
Project("{9A19103F-16F7-4668-BE54-9A1E7A4F7556}") = "NerdStore.Catalogo.Application", "src\NerdStore.Catalogo.Application\NerdStore.Catalogo.Application.csproj", "{9262AA7B-A7CB-4E26-BC61-ED4C8B3517EA}"
EndProject
Project("{9A19103F-16F7-4668-BE54-9A1E7A4F7556}") = "NerdStore.Catalogo.Data", "src\NerdStore.Catalogo.Data\NerdStore.Catalogo.Data.csproj", "{7BFD7532-210E-4DAC-B8CA-7358225408CF}"
EndProject
Project("{9A19103F-16F7-4668-BE54-9A1E7A4F7556}") = "NerdStore.Catalogo.Domain", "src\NerdStore.Catalogo.Domain\NerdStore.Catalogo.Domain.csproj", "{5A238C23-BC99-4D18-96EF-934ABA1D8FD5}"
EndProject
Project("{9A19103F-16F7-4668-BE54-9A1E7A4F7556}") = "NerdStore.Core", "src\NerdStore.Core\NerdStore.Core.csproj", "{CDF23A2E-44CF-4B84-A5AD-FE0EE875DF38}"
EndProject
Project("{9A19103F-16F7-4668-BE54-9A1E7A4F7556}") = "NerdStore.Pagamentos.AntiCorruption", "src\NerdStore.Pagamentos.AntiCorruption\NerdStore.Pagamentos.AntiCorruption.csproj", "{DA89C66D-1D5C-423F-B8F6-D664F6C6579D}"
EndProject
Project("{9A19103F-16F7-4668-BE54-9A1E7A4F7556}") = "NerdStore.Pagamentos.Business", "src\NerdStore.Pagamento.Business\NerdStore.Pagamentos.Business.csproj", "{CE407259-B096-4A22-844C-37D96E3EA5FC}"
EndProject
Project("{9A19103F-16F7-4668-BE54-9A1E7A4F7556}") = "NerdStore.Pagamentos.Data", "src\NerdStore.Pagamento.Data\NerdStore.Pagamentos.Data.csproj", "{A807564C-ABE9-4272-AF77-956B9A059D71}"
EndProject
Project("{9A19103F-16F7-4668-BE54-9A1E7A4F7556}") = "NerdStore.Vendas.Application", "src\NerdStore.Vendas.Application\NerdStore.Vendas.Application.csproj", "{A8016F9F-0831-4B3D-9488-932A9BFF7922}"
EndProject
Project("{9A19103F-16F7-4668-BE54-9A1E7A4F7556}") = "NerdStore.Vendas.Data", "src\NerdStore.Vendas.Data\NerdStore.Vendas.Data.csproj", "{8078E3BD-579B-46A5-8F93-FD9DC9050881}"
EndProject
Project("{9A19103F-16F7-4668-BE54-9A1E7A4F7556}") = "NerdStore.Vendas.Domain", "src\NerdStore.Vendas.Domain\NerdStore.Vendas.Domain.csproj", "{50C7DDF2-A0FA-44C3-8485-56BE6426C2EA}"
EndProject
Project("{9A19103F-16F7-4668-BE54-9A1E7A4F7556}") = "NerdStore.WebApp.Mvc", "src\NerdStore.WebApp.Mvc\NerdStore.WebApp.Mvc.csproj", "{930C377B-E514-4087-9F48-459D7E1CA4DB}"
EndProject
Global
	GlobalSection(SolutionConfigurationPlatforms) = preSolution
		Debug|Any CPU = Debug|Any CPU
		Release|Any CPU = Release|Any CPU
	EndGlobalSection
	GlobalSection(ProjectConfigurationPlatforms) = postSolution
		{9262AA7B-A7CB-4E26-BC61-ED4C8B3517EA}.Debug|Any CPU.ActiveCfg = Debug|Any CPU
		{9262AA7B-A7CB-4E26-BC61-ED4C8B3517EA}.Debug|Any CPU.Build.0 = Debug|Any CPU
		{9262AA7B-A7CB-4E26-BC61-ED4C8B3517EA}.Release|Any CPU.ActiveCfg = Release|Any CPU
		{9262AA7B-A7CB-4E26-BC61-ED4C8B3517EA}.Release|Any CPU.Build.0 = Release|Any CPU
		{7BFD7532-210E-4DAC-B8CA-7358225408CF}.Debug|Any CPU.ActiveCfg = Debug|Any CPU
		{7BFD7532-210E-4DAC-B8CA-7358225408CF}.Debug|Any CPU.Build.0 = Debug|Any CPU
		{7BFD7532-210E-4DAC-B8CA-7358225408CF}.Release|Any CPU.ActiveCfg = Release|Any CPU
		{7BFD7532-210E-4DAC-B8CA-7358225408CF}.Release|Any CPU.Build.0 = Release|Any CPU
		{5A238C23-BC99-4D18-96EF-934ABA1D8FD5}.Debug|Any CPU.ActiveCfg = Debug|Any CPU
		{5A238C23-BC99-4D18-96EF-934ABA1D8FD5}.Debug|Any CPU.Build.0 = Debug|Any CPU
		{5A238C23-BC99-4D18-96EF-934ABA1D8FD5}.Release|Any CPU.ActiveCfg = Release|Any CPU
		{5A238C23-BC99-4D18-96EF-934ABA1D8FD5}.Release|Any CPU.Build.0 = Release|Any CPU
		{CDF23A2E-44CF-4B84-A5AD-FE0EE875DF38}.Debug|Any CPU.ActiveCfg = Debug|Any CPU
		{CDF23A2E-44CF-4B84-A5AD-FE0EE875DF38}.Debug|Any CPU.Build.0 = Debug|Any CPU
		{CDF23A2E-44CF-4B84-A5AD-FE0EE875DF38}.Release|Any CPU.ActiveCfg = Release|Any CPU
		{CDF23A2E-44CF-4B84-A5AD-FE0EE875DF38}.Release|Any CPU.Build.0 = Release|Any CPU
		{DA89C66D-1D5C-423F-B8F6-D664F6C6579D}.Debug|Any CPU.ActiveCfg = Debug|Any CPU
		{DA89C66D-1D5C-423F-B8F6-D664F6C6579D}.Debug|Any CPU.Build.0 = Debug|Any CPU
		{DA89C66D-1D5C-423F-B8F6-D664F6C6579D}.Release|Any CPU.ActiveCfg = Release|Any CPU
		{DA89C66D-1D5C-423F-B8F6-D664F6C6579D}.Release|Any CPU.Build.0 = Release|Any CPU
		{CE407259-B096-4A22-844C-37D96E3EA5FC}.Debug|Any CPU.ActiveCfg = Debug|Any CPU
		{CE407259-B096-4A22-844C-37D96E3EA5FC}.Debug|Any CPU.Build.0 = Debug|Any CPU
		{CE407259-B096-4A22-844C-37D96E3EA5FC}.Release|Any CPU.ActiveCfg = Release|Any CPU
		{CE407259-B096-4A22-844C-37D96E3EA5FC}.Release|Any CPU.Build.0 = Release|Any CPU
		{A807564C-ABE9-4272-AF77-956B9A059D71}.Debug|Any CPU.ActiveCfg = Debug|Any CPU
		{A807564C-ABE9-4272-AF77-956B9A059D71}.Debug|Any CPU.Build.0 = Debug|Any CPU
		{A807564C-ABE9-4272-AF77-956B9A059D71}.Release|Any CPU.ActiveCfg = Release|Any CPU
		{A807564C-ABE9-4272-AF77-956B9A059D71}.Release|Any CPU.Build.0 = Release|Any CPU
		{A8016F9F-0831-4B3D-9488-932A9BFF7922}.Debug|Any CPU.ActiveCfg = Debug|Any CPU
		{A8016F9F-0831-4B3D-9488-932A9BFF7922}.Debug|Any CPU.Build.0 = Debug|Any CPU
		{A8016F9F-0831-4B3D-9488-932A9BFF7922}.Release|Any CPU.ActiveCfg = Release|Any CPU
		{A8016F9F-0831-4B3D-9488-932A9BFF7922}.Release|Any CPU.Build.0 = Release|Any CPU
		{8078E3BD-579B-46A5-8F93-FD9DC9050881}.Debug|Any CPU.ActiveCfg = Debug|Any CPU
		{8078E3BD-579B-46A5-8F93-FD9DC9050881}.Debug|Any CPU.Build.0 = Debug|Any CPU
		{8078E3BD-579B-46A5-8F93-FD9DC9050881}.Release|Any CPU.ActiveCfg = Release|Any CPU
		{8078E3BD-579B-46A5-8F93-FD9DC9050881}.Release|Any CPU.Build.0 = Release|Any CPU
		{50C7DDF2-A0FA-44C3-8485-56BE6426C2EA}.Debug|Any CPU.ActiveCfg = Debug|Any CPU
		{50C7DDF2-A0FA-44C3-8485-56BE6426C2EA}.Debug|Any CPU.Build.0 = Debug|Any CPU
		{50C7DDF2-A0FA-44C3-8485-56BE6426C2EA}.Release|Any CPU.ActiveCfg = Release|Any CPU
		{50C7DDF2-A0FA-44C3-8485-56BE6426C2EA}.Release|Any CPU.Build.0 = Release|Any CPU
		{930C377B-E514-4087-9F48-459D7E1CA4DB}.Debug|Any CPU.ActiveCfg = Debug|Any CPU
		{930C377B-E514-4087-9F48-459D7E1CA4DB}.Debug|Any CPU.Build.0 = Debug|Any CPU
		{930C377B-E514-4087-9F48-459D7E1CA4DB}.Release|Any CPU.ActiveCfg = Release|Any CPU
		{930C377B-E514-4087-9F48-459D7E1CA4DB}.Release|Any CPU.Build.0 = Release|Any CPU
	EndGlobalSection
	GlobalSection(SolutionProperties) = preSolution
		HideSolutionNode = FALSE
	EndGlobalSection
	GlobalSection(NestedProjects) = preSolution
		{B4B8F9F7-7150-4EB7-94E3-88D6301168DB} = {B79F2A37-8493-474B-BC1A-02E1F3C9658A}
		{0E0DD0B4-6F65-44BE-A522-D520C0441F13} = {B79F2A37-8493-474B-BC1A-02E1F3C9658A}
		{D933911D-E73D-4E2E-8C30-72CCBCA6D739} = {B79F2A37-8493-474B-BC1A-02E1F3C9658A}
		{A16C4D97-B558-425C-8CAA-FD632620897A} = {B79F2A37-8493-474B-BC1A-02E1F3C9658A}
		{EAC11AA5-D492-43A8-A0E0-6F40C3A77B3D} = {B79F2A37-8493-474B-BC1A-02E1F3C9658A}
		{8DFD7C69-055F-4F49-8DC8-23BFD801E89A} = {B79F2A37-8493-474B-BC1A-02E1F3C9658A}
		{9262AA7B-A7CB-4E26-BC61-ED4C8B3517EA} = {0E0DD0B4-6F65-44BE-A522-D520C0441F13}
		{7BFD7532-210E-4DAC-B8CA-7358225408CF} = {0E0DD0B4-6F65-44BE-A522-D520C0441F13}
		{5A238C23-BC99-4D18-96EF-934ABA1D8FD5} = {0E0DD0B4-6F65-44BE-A522-D520C0441F13}
		{CDF23A2E-44CF-4B84-A5AD-FE0EE875DF38} = {D933911D-E73D-4E2E-8C30-72CCBCA6D739}
		{DA89C66D-1D5C-423F-B8F6-D664F6C6579D} = {EAC11AA5-D492-43A8-A0E0-6F40C3A77B3D}
		{CE407259-B096-4A22-844C-37D96E3EA5FC} = {EAC11AA5-D492-43A8-A0E0-6F40C3A77B3D}
		{A807564C-ABE9-4272-AF77-956B9A059D71} = {EAC11AA5-D492-43A8-A0E0-6F40C3A77B3D}
		{A8016F9F-0831-4B3D-9488-932A9BFF7922} = {8DFD7C69-055F-4F49-8DC8-23BFD801E89A}
		{8078E3BD-579B-46A5-8F93-FD9DC9050881} = {8DFD7C69-055F-4F49-8DC8-23BFD801E89A}
		{50C7DDF2-A0FA-44C3-8485-56BE6426C2EA} = {8DFD7C69-055F-4F49-8DC8-23BFD801E89A}
		{930C377B-E514-4087-9F48-459D7E1CA4DB} = {C3E9ABF0-5A4B-4B15-93A8-8E31EE3952A1}
	EndGlobalSection
	GlobalSection(ExtensibilityGlobals) = postSolution
		SolutionGuid = {883FC468-CAD5-4B3B-A12C-0EB99F97D332}
	EndGlobalSection
EndGlobal
